
Microsoft Visual Studio Solution File, Format Version 12.00
# Visual Studio 15
VisualStudioVersion = 15.0.28010.2016
MinimumVisualStudioVersion = 10.0.40219.1
Project("{FAE04EC0-301F-11D3-BF4B-00C04F79EFBC}") = "PostApp.Android", "PostApp\PostApp.Android\PostApp.Android.csproj", "{C2E8F27C-680B-4F65-8AB7-EE4417AEBB95}"
EndProject
Project("{FAE04EC0-301F-11D3-BF4B-00C04F79EFBC}") = "PostApp.iOS", "PostApp\PostApp.iOS\PostApp.iOS.csproj", "{4EFD5A0B-07F2-4121-AA7F-B306368803BF}"
EndProject
Project("{FAE04EC0-301F-11D3-BF4B-00C04F79EFBC}") = "PostApp", "PostApp\PostApp\PostApp.csproj", "{A9CCA2AF-2D5B-4404-8773-289FD9D25A21}"
EndProject
Project("{FAE04EC0-301F-11D3-BF4B-00C04F79EFBC}") = "PostApp.Data", "PostApp.Data\PostApp.Data.csproj", "{9621DB0F-EE62-49C3-B3ED-A9FC3CC45145}"
EndProject
Project("{FAE04EC0-301F-11D3-BF4B-00C04F79EFBC}") = "PostApp.Net", "PostApp.Net\PostApp.Net.csproj", "{D5EDD90E-1A49-4173-8FEE-03014CDCB943}"
EndProject
Global
	GlobalSection(SolutionConfigurationPlatforms) = preSolution
		Ad-Hoc|Any CPU = Ad-Hoc|Any CPU
		Ad-Hoc|iPhone = Ad-Hoc|iPhone
		Ad-Hoc|iPhoneSimulator = Ad-Hoc|iPhoneSimulator
		AppStore|Any CPU = AppStore|Any CPU
		AppStore|iPhone = AppStore|iPhone
		AppStore|iPhoneSimulator = AppStore|iPhoneSimulator
		Debug|Any CPU = Debug|Any CPU
		Debug|iPhone = Debug|iPhone
		Debug|iPhoneSimulator = Debug|iPhoneSimulator
		Release|Any CPU = Release|Any CPU
		Release|iPhone = Release|iPhone
		Release|iPhoneSimulator = Release|iPhoneSimulator
	EndGlobalSection
	GlobalSection(ProjectConfigurationPlatforms) = postSolution
		{C2E8F27C-680B-4F65-8AB7-EE4417AEBB95}.Ad-Hoc|Any CPU.ActiveCfg = Release|Any CPU
		{C2E8F27C-680B-4F65-8AB7-EE4417AEBB95}.Ad-Hoc|Any CPU.Build.0 = Release|Any CPU
		{C2E8F27C-680B-4F65-8AB7-EE4417AEBB95}.Ad-Hoc|Any CPU.Deploy.0 = Release|Any CPU
		{C2E8F27C-680B-4F65-8AB7-EE4417AEBB95}.Ad-Hoc|iPhone.ActiveCfg = Release|Any CPU
		{C2E8F27C-680B-4F65-8AB7-EE4417AEBB95}.Ad-Hoc|iPhone.Build.0 = Release|Any CPU
		{C2E8F27C-680B-4F65-8AB7-EE4417AEBB95}.Ad-Hoc|iPhone.Deploy.0 = Release|Any CPU
		{C2E8F27C-680B-4F65-8AB7-EE4417AEBB95}.Ad-Hoc|iPhoneSimulator.ActiveCfg = Release|Any CPU
		{C2E8F27C-680B-4F65-8AB7-EE4417AEBB95}.Ad-Hoc|iPhoneSimulator.Build.0 = Release|Any CPU
		{C2E8F27C-680B-4F65-8AB7-EE4417AEBB95}.Ad-Hoc|iPhoneSimulator.Deploy.0 = Release|Any CPU
		{C2E8F27C-680B-4F65-8AB7-EE4417AEBB95}.AppStore|Any CPU.ActiveCfg = Release|Any CPU
		{C2E8F27C-680B-4F65-8AB7-EE4417AEBB95}.AppStore|Any CPU.Build.0 = Release|Any CPU
		{C2E8F27C-680B-4F65-8AB7-EE4417AEBB95}.AppStore|Any CPU.Deploy.0 = Release|Any CPU
		{C2E8F27C-680B-4F65-8AB7-EE4417AEBB95}.AppStore|iPhone.ActiveCfg = Release|Any CPU
		{C2E8F27C-680B-4F65-8AB7-EE4417AEBB95}.AppStore|iPhone.Build.0 = Release|Any CPU
		{C2E8F27C-680B-4F65-8AB7-EE4417AEBB95}.AppStore|iPhone.Deploy.0 = Release|Any CPU
		{C2E8F27C-680B-4F65-8AB7-EE4417AEBB95}.AppStore|iPhoneSimulator.ActiveCfg = Release|Any CPU
		{C2E8F27C-680B-4F65-8AB7-EE4417AEBB95}.AppStore|iPhoneSimulator.Build.0 = Release|Any CPU
		{C2E8F27C-680B-4F65-8AB7-EE4417AEBB95}.AppStore|iPhoneSimulator.Deploy.0 = Release|Any CPU
		{C2E8F27C-680B-4F65-8AB7-EE4417AEBB95}.Debug|Any CPU.ActiveCfg = Debug|Any CPU
		{C2E8F27C-680B-4F65-8AB7-EE4417AEBB95}.Debug|Any CPU.Build.0 = Debug|Any CPU
		{C2E8F27C-680B-4F65-8AB7-EE4417AEBB95}.Debug|Any CPU.Deploy.0 = Debug|Any CPU
		{C2E8F27C-680B-4F65-8AB7-EE4417AEBB95}.Debug|iPhone.ActiveCfg = Debug|Any CPU
		{C2E8F27C-680B-4F65-8AB7-EE4417AEBB95}.Debug|iPhone.Build.0 = Debug|Any CPU
		{C2E8F27C-680B-4F65-8AB7-EE4417AEBB95}.Debug|iPhone.Deploy.0 = Debug|Any CPU
		{C2E8F27C-680B-4F65-8AB7-EE4417AEBB95}.Debug|iPhoneSimulator.ActiveCfg = Debug|Any CPU
		{C2E8F27C-680B-4F65-8AB7-EE4417AEBB95}.Debug|iPhoneSimulator.Build.0 = Debug|Any CPU
		{C2E8F27C-680B-4F65-8AB7-EE4417AEBB95}.Debug|iPhoneSimulator.Deploy.0 = Debug|Any CPU
		{C2E8F27C-680B-4F65-8AB7-EE4417AEBB95}.Release|Any CPU.ActiveCfg = Release|Any CPU
		{C2E8F27C-680B-4F65-8AB7-EE4417AEBB95}.Release|Any CPU.Build.0 = Release|Any CPU
		{C2E8F27C-680B-4F65-8AB7-EE4417AEBB95}.Release|Any CPU.Deploy.0 = Release|Any CPU
		{C2E8F27C-680B-4F65-8AB7-EE4417AEBB95}.Release|iPhone.ActiveCfg = Release|Any CPU
		{C2E8F27C-680B-4F65-8AB7-EE4417AEBB95}.Release|iPhone.Build.0 = Release|Any CPU
		{C2E8F27C-680B-4F65-8AB7-EE4417AEBB95}.Release|iPhone.Deploy.0 = Release|Any CPU
		{C2E8F27C-680B-4F65-8AB7-EE4417AEBB95}.Release|iPhoneSimulator.ActiveCfg = Release|Any CPU
		{C2E8F27C-680B-4F65-8AB7-EE4417AEBB95}.Release|iPhoneSimulator.Build.0 = Release|Any CPU
		{C2E8F27C-680B-4F65-8AB7-EE4417AEBB95}.Release|iPhoneSimulator.Deploy.0 = Release|Any CPU
		{4EFD5A0B-07F2-4121-AA7F-B306368803BF}.Ad-Hoc|Any CPU.ActiveCfg = Ad-Hoc|iPhone
		{4EFD5A0B-07F2-4121-AA7F-B306368803BF}.Ad-Hoc|Any CPU.Build.0 = Ad-Hoc|iPhone
		{4EFD5A0B-07F2-4121-AA7F-B306368803BF}.Ad-Hoc|Any CPU.Deploy.0 = Ad-Hoc|iPhone
		{4EFD5A0B-07F2-4121-AA7F-B306368803BF}.Ad-Hoc|iPhone.ActiveCfg = Ad-Hoc|iPhone
		{4EFD5A0B-07F2-4121-AA7F-B306368803BF}.Ad-Hoc|iPhone.Build.0 = Ad-Hoc|iPhone
		{4EFD5A0B-07F2-4121-AA7F-B306368803BF}.Ad-Hoc|iPhone.Deploy.0 = Ad-Hoc|iPhone
		{4EFD5A0B-07F2-4121-AA7F-B306368803BF}.Ad-Hoc|iPhoneSimulator.ActiveCfg = Ad-Hoc|iPhoneSimulator
		{4EFD5A0B-07F2-4121-AA7F-B306368803BF}.Ad-Hoc|iPhoneSimulator.Build.0 = Ad-Hoc|iPhoneSimulator
		{4EFD5A0B-07F2-4121-AA7F-B306368803BF}.Ad-Hoc|iPhoneSimulator.Deploy.0 = Ad-Hoc|iPhoneSimulator
		{4EFD5A0B-07F2-4121-AA7F-B306368803BF}.AppStore|Any CPU.ActiveCfg = AppStore|iPhone
		{4EFD5A0B-07F2-4121-AA7F-B306368803BF}.AppStore|Any CPU.Build.0 = AppStore|iPhone
		{4EFD5A0B-07F2-4121-AA7F-B306368803BF}.AppStore|Any CPU.Deploy.0 = AppStore|iPhone
		{4EFD5A0B-07F2-4121-AA7F-B306368803BF}.AppStore|iPhone.ActiveCfg = AppStore|iPhone
		{4EFD5A0B-07F2-4121-AA7F-B306368803BF}.AppStore|iPhone.Build.0 = AppStore|iPhone
		{4EFD5A0B-07F2-4121-AA7F-B306368803BF}.AppStore|iPhone.Deploy.0 = AppStore|iPhone
		{4EFD5A0B-07F2-4121-AA7F-B306368803BF}.AppStore|iPhoneSimulator.ActiveCfg = AppStore|iPhoneSimulator
		{4EFD5A0B-07F2-4121-AA7F-B306368803BF}.AppStore|iPhoneSimulator.Build.0 = AppStore|iPhoneSimulator
		{4EFD5A0B-07F2-4121-AA7F-B306368803BF}.AppStore|iPhoneSimulator.Deploy.0 = AppStore|iPhoneSimulator
		{4EFD5A0B-07F2-4121-AA7F-B306368803BF}.Debug|Any CPU.ActiveCfg = Debug|iPhoneSimulator
		{4EFD5A0B-07F2-4121-AA7F-B306368803BF}.Debug|Any CPU.Build.0 = Debug|iPhoneSimulator
		{4EFD5A0B-07F2-4121-AA7F-B306368803BF}.Debug|Any CPU.Deploy.0 = Debug|iPhoneSimulator
		{4EFD5A0B-07F2-4121-AA7F-B306368803BF}.Debug|iPhone.ActiveCfg = Debug|iPhone
		{4EFD5A0B-07F2-4121-AA7F-B306368803BF}.Debug|iPhone.Build.0 = Debug|iPhone
		{4EFD5A0B-07F2-4121-AA7F-B306368803BF}.Debug|iPhone.Deploy.0 = Debug|iPhone
		{4EFD5A0B-07F2-4121-AA7F-B306368803BF}.Debug|iPhoneSimulator.ActiveCfg = Debug|iPhoneSimulator
		{4EFD5A0B-07F2-4121-AA7F-B306368803BF}.Debug|iPhoneSimulator.Build.0 = Debug|iPhoneSimulator
		{4EFD5A0B-07F2-4121-AA7F-B306368803BF}.Debug|iPhoneSimulator.Deploy.0 = Debug|iPhoneSimulator
		{4EFD5A0B-07F2-4121-AA7F-B306368803BF}.Release|Any CPU.ActiveCfg = Release|iPhone
		{4EFD5A0B-07F2-4121-AA7F-B306368803BF}.Release|Any CPU.Build.0 = Release|iPhone
		{4EFD5A0B-07F2-4121-AA7F-B306368803BF}.Release|Any CPU.Deploy.0 = Release|iPhone
		{4EFD5A0B-07F2-4121-AA7F-B306368803BF}.Release|iPhone.ActiveCfg = Release|iPhone
		{4EFD5A0B-07F2-4121-AA7F-B306368803BF}.Release|iPhone.Build.0 = Release|iPhone
		{4EFD5A0B-07F2-4121-AA7F-B306368803BF}.Release|iPhone.Deploy.0 = Release|iPhone
		{4EFD5A0B-07F2-4121-AA7F-B306368803BF}.Release|iPhoneSimulator.ActiveCfg = Release|iPhoneSimulator
		{4EFD5A0B-07F2-4121-AA7F-B306368803BF}.Release|iPhoneSimulator.Build.0 = Release|iPhoneSimulator
		{4EFD5A0B-07F2-4121-AA7F-B306368803BF}.Release|iPhoneSimulator.Deploy.0 = Release|iPhoneSimulator
		{A9CCA2AF-2D5B-4404-8773-289FD9D25A21}.Ad-Hoc|Any CPU.ActiveCfg = Debug|Any CPU
		{A9CCA2AF-2D5B-4404-8773-289FD9D25A21}.Ad-Hoc|Any CPU.Build.0 = Debug|Any CPU
		{A9CCA2AF-2D5B-4404-8773-289FD9D25A21}.Ad-Hoc|Any CPU.Deploy.0 = Debug|Any CPU
		{A9CCA2AF-2D5B-4404-8773-289FD9D25A21}.Ad-Hoc|iPhone.ActiveCfg = Debug|Any CPU
		{A9CCA2AF-2D5B-4404-8773-289FD9D25A21}.Ad-Hoc|iPhone.Build.0 = Debug|Any CPU
		{A9CCA2AF-2D5B-4404-8773-289FD9D25A21}.Ad-Hoc|iPhone.Deploy.0 = Debug|Any CPU
		{A9CCA2AF-2D5B-4404-8773-289FD9D25A21}.Ad-Hoc|iPhoneSimulator.ActiveCfg = Debug|Any CPU
		{A9CCA2AF-2D5B-4404-8773-289FD9D25A21}.Ad-Hoc|iPhoneSimulator.Build.0 = Debug|Any CPU
		{A9CCA2AF-2D5B-4404-8773-289FD9D25A21}.Ad-Hoc|iPhoneSimulator.Deploy.0 = Debug|Any CPU
		{A9CCA2AF-2D5B-4404-8773-289FD9D25A21}.AppStore|Any CPU.ActiveCfg = Debug|Any CPU
		{A9CCA2AF-2D5B-4404-8773-289FD9D25A21}.AppStore|Any CPU.Build.0 = Debug|Any CPU
		{A9CCA2AF-2D5B-4404-8773-289FD9D25A21}.AppStore|Any CPU.Deploy.0 = Debug|Any CPU
		{A9CCA2AF-2D5B-4404-8773-289FD9D25A21}.AppStore|iPhone.ActiveCfg = Debug|Any CPU
		{A9CCA2AF-2D5B-4404-8773-289FD9D25A21}.AppStore|iPhone.Build.0 = Debug|Any CPU
		{A9CCA2AF-2D5B-4404-8773-289FD9D25A21}.AppStore|iPhone.Deploy.0 = Debug|Any CPU
		{A9CCA2AF-2D5B-4404-8773-289FD9D25A21}.AppStore|iPhoneSimulator.ActiveCfg = Debug|Any CPU
		{A9CCA2AF-2D5B-4404-8773-289FD9D25A21}.AppStore|iPhoneSimulator.Build.0 = Debug|Any CPU
		{A9CCA2AF-2D5B-4404-8773-289FD9D25A21}.AppStore|iPhoneSimulator.Deploy.0 = Debug|Any CPU
		{A9CCA2AF-2D5B-4404-8773-289FD9D25A21}.Debug|Any CPU.ActiveCfg = Debug|Any CPU
		{A9CCA2AF-2D5B-4404-8773-289FD9D25A21}.Debug|Any CPU.Build.0 = Debug|Any CPU
		{A9CCA2AF-2D5B-4404-8773-289FD9D25A21}.Debug|Any CPU.Deploy.0 = Debug|Any CPU
		{A9CCA2AF-2D5B-4404-8773-289FD9D25A21}.Debug|iPhone.ActiveCfg = Debug|Any CPU
		{A9CCA2AF-2D5B-4404-8773-289FD9D25A21}.Debug|iPhone.Build.0 = Debug|Any CPU
		{A9CCA2AF-2D5B-4404-8773-289FD9D25A21}.Debug|iPhone.Deploy.0 = Debug|Any CPU
		{A9CCA2AF-2D5B-4404-8773-289FD9D25A21}.Debug|iPhoneSimulator.ActiveCfg = Debug|Any CPU
		{A9CCA2AF-2D5B-4404-8773-289FD9D25A21}.Debug|iPhoneSimulator.Build.0 = Debug|Any CPU
		{A9CCA2AF-2D5B-4404-8773-289FD9D25A21}.Debug|iPhoneSimulator.Deploy.0 = Debug|Any CPU
		{A9CCA2AF-2D5B-4404-8773-289FD9D25A21}.Release|Any CPU.ActiveCfg = Release|Any CPU
		{A9CCA2AF-2D5B-4404-8773-289FD9D25A21}.Release|Any CPU.Build.0 = Release|Any CPU
		{A9CCA2AF-2D5B-4404-8773-289FD9D25A21}.Release|Any CPU.Deploy.0 = Release|Any CPU
		{A9CCA2AF-2D5B-4404-8773-289FD9D25A21}.Release|iPhone.ActiveCfg = Release|Any CPU
		{A9CCA2AF-2D5B-4404-8773-289FD9D25A21}.Release|iPhone.Build.0 = Release|Any CPU
		{A9CCA2AF-2D5B-4404-8773-289FD9D25A21}.Release|iPhone.Deploy.0 = Release|Any CPU
		{A9CCA2AF-2D5B-4404-8773-289FD9D25A21}.Release|iPhoneSimulator.ActiveCfg = Release|Any CPU
		{A9CCA2AF-2D5B-4404-8773-289FD9D25A21}.Release|iPhoneSimulator.Build.0 = Release|Any CPU
		{A9CCA2AF-2D5B-4404-8773-289FD9D25A21}.Release|iPhoneSimulator.Deploy.0 = Release|Any CPU
		{9621DB0F-EE62-49C3-B3ED-A9FC3CC45145}.Ad-Hoc|Any CPU.ActiveCfg = Debug|Any CPU
		{9621DB0F-EE62-49C3-B3ED-A9FC3CC45145}.Ad-Hoc|Any CPU.Build.0 = Debug|Any CPU
		{9621DB0F-EE62-49C3-B3ED-A9FC3CC45145}.Ad-Hoc|iPhone.ActiveCfg = Debug|Any CPU
		{9621DB0F-EE62-49C3-B3ED-A9FC3CC45145}.Ad-Hoc|iPhone.Build.0 = Debug|Any CPU
		{9621DB0F-EE62-49C3-B3ED-A9FC3CC45145}.Ad-Hoc|iPhoneSimulator.ActiveCfg = Debug|Any CPU
		{9621DB0F-EE62-49C3-B3ED-A9FC3CC45145}.Ad-Hoc|iPhoneSimulator.Build.0 = Debug|Any CPU
		{9621DB0F-EE62-49C3-B3ED-A9FC3CC45145}.AppStore|Any CPU.ActiveCfg = Debug|Any CPU
		{9621DB0F-EE62-49C3-B3ED-A9FC3CC45145}.AppStore|Any CPU.Build.0 = Debug|Any CPU
		{9621DB0F-EE62-49C3-B3ED-A9FC3CC45145}.AppStore|iPhone.ActiveCfg = Debug|Any CPU
		{9621DB0F-EE62-49C3-B3ED-A9FC3CC45145}.AppStore|iPhone.Build.0 = Debug|Any CPU
		{9621DB0F-EE62-49C3-B3ED-A9FC3CC45145}.AppStore|iPhoneSimulator.ActiveCfg = Debug|Any CPU
		{9621DB0F-EE62-49C3-B3ED-A9FC3CC45145}.AppStore|iPhoneSimulator.Build.0 = Debug|Any CPU
		{9621DB0F-EE62-49C3-B3ED-A9FC3CC45145}.Debug|Any CPU.ActiveCfg = Debug|Any CPU
		{9621DB0F-EE62-49C3-B3ED-A9FC3CC45145}.Debug|Any CPU.Build.0 = Debug|Any CPU
		{9621DB0F-EE62-49C3-B3ED-A9FC3CC45145}.Debug|iPhone.ActiveCfg = Debug|Any CPU
		{9621DB0F-EE62-49C3-B3ED-A9FC3CC45145}.Debug|iPhone.Build.0 = Debug|Any CPU
		{9621DB0F-EE62-49C3-B3ED-A9FC3CC45145}.Debug|iPhoneSimulator.ActiveCfg = Debug|Any CPU
		{9621DB0F-EE62-49C3-B3ED-A9FC3CC45145}.Debug|iPhoneSimulator.Build.0 = Debug|Any CPU
		{9621DB0F-EE62-49C3-B3ED-A9FC3CC45145}.Release|Any CPU.ActiveCfg = Release|Any CPU
		{9621DB0F-EE62-49C3-B3ED-A9FC3CC45145}.Release|Any CPU.Build.0 = Release|Any CPU
		{9621DB0F-EE62-49C3-B3ED-A9FC3CC45145}.Release|iPhone.ActiveCfg = Release|Any CPU
		{9621DB0F-EE62-49C3-B3ED-A9FC3CC45145}.Release|iPhone.Build.0 = Release|Any CPU
		{9621DB0F-EE62-49C3-B3ED-A9FC3CC45145}.Release|iPhoneSimulator.ActiveCfg = Release|Any CPU
		{9621DB0F-EE62-49C3-B3ED-A9FC3CC45145}.Release|iPhoneSimulator.Build.0 = Release|Any CPU
		{D5EDD90E-1A49-4173-8FEE-03014CDCB943}.Ad-Hoc|Any CPU.ActiveCfg = Debug|Any CPU
		{D5EDD90E-1A49-4173-8FEE-03014CDCB943}.Ad-Hoc|Any CPU.Build.0 = Debug|Any CPU
		{D5EDD90E-1A49-4173-8FEE-03014CDCB943}.Ad-Hoc|iPhone.ActiveCfg = Debug|Any CPU
		{D5EDD90E-1A49-4173-8FEE-03014CDCB943}.Ad-Hoc|iPhone.Build.0 = Debug|Any CPU
		{D5EDD90E-1A49-4173-8FEE-03014CDCB943}.Ad-Hoc|iPhoneSimulator.ActiveCfg = Debug|Any CPU
		{D5EDD90E-1A49-4173-8FEE-03014CDCB943}.Ad-Hoc|iPhoneSimulator.Build.0 = Debug|Any CPU
		{D5EDD90E-1A49-4173-8FEE-03014CDCB943}.AppStore|Any CPU.ActiveCfg = Debug|Any CPU
		{D5EDD90E-1A49-4173-8FEE-03014CDCB943}.AppStore|Any CPU.Build.0 = Debug|Any CPU
		{D5EDD90E-1A49-4173-8FEE-03014CDCB943}.AppStore|iPhone.ActiveCfg = Debug|Any CPU
		{D5EDD90E-1A49-4173-8FEE-03014CDCB943}.AppStore|iPhone.Build.0 = Debug|Any CPU
		{D5EDD90E-1A49-4173-8FEE-03014CDCB943}.AppStore|iPhoneSimulator.ActiveCfg = Debug|Any CPU
		{D5EDD90E-1A49-4173-8FEE-03014CDCB943}.AppStore|iPhoneSimulator.Build.0 = Debug|Any CPU
		{D5EDD90E-1A49-4173-8FEE-03014CDCB943}.Debug|Any CPU.ActiveCfg = Debug|Any CPU
		{D5EDD90E-1A49-4173-8FEE-03014CDCB943}.Debug|Any CPU.Build.0 = Debug|Any CPU
		{D5EDD90E-1A49-4173-8FEE-03014CDCB943}.Debug|iPhone.ActiveCfg = Debug|Any CPU
		{D5EDD90E-1A49-4173-8FEE-03014CDCB943}.Debug|iPhone.Build.0 = Debug|Any CPU
		{D5EDD90E-1A49-4173-8FEE-03014CDCB943}.Debug|iPhoneSimulator.ActiveCfg = Debug|Any CPU
		{D5EDD90E-1A49-4173-8FEE-03014CDCB943}.Debug|iPhoneSimulator.Build.0 = Debug|Any CPU
		{D5EDD90E-1A49-4173-8FEE-03014CDCB943}.Release|Any CPU.ActiveCfg = Release|Any CPU
		{D5EDD90E-1A49-4173-8FEE-03014CDCB943}.Release|Any CPU.Build.0 = Release|Any CPU
		{D5EDD90E-1A49-4173-8FEE-03014CDCB943}.Release|iPhone.ActiveCfg = Release|Any CPU
		{D5EDD90E-1A49-4173-8FEE-03014CDCB943}.Release|iPhone.Build.0 = Release|Any CPU
		{D5EDD90E-1A49-4173-8FEE-03014CDCB943}.Release|iPhoneSimulator.ActiveCfg = Release|Any CPU
		{D5EDD90E-1A49-4173-8FEE-03014CDCB943}.Release|iPhoneSimulator.Build.0 = Release|Any CPU
	EndGlobalSection
	GlobalSection(SolutionProperties) = preSolution
		HideSolutionNode = FALSE
	EndGlobalSection
	GlobalSection(ExtensibilityGlobals) = postSolution
		SolutionGuid = {598C83A7-BC83-4607-9EEB-4B9E30DDCC56}
	EndGlobalSection
EndGlobal
